
Microsoft Visual Studio Solution File, Format Version 12.00
# Visual Studio Version 16
VisualStudioVersion = 16.0.31019.35
MinimumVisualStudioVersion = 10.0.40219.1
Project("{FAE04EC0-301F-11D3-BF4B-00C04F79EFBC}") = "Base.Repository", "Server\BaseRepository\Base.Repository\Base.Repository.csproj", "{B663D4F4-D8CB-43D2-8461-9CF296B5E8DE}"
EndProject
Project("{2150E333-8FDC-42A3-9474-1A3956D46DE8}") = "1 - Server", "1 - Server", "{2A4A471B-44B5-44ED-8137-CD86CB21A4B5}"
EndProject
Project("{FAE04EC0-301F-11D3-BF4B-00C04F79EFBC}") = "Auth", "Server\BaseRepository\Auth\Auth.csproj", "{A2B9D0F1-0CB4-404A-9B03-0F6879B9C09D}"
EndProject
Project("{FAE04EC0-301F-11D3-BF4B-00C04F79EFBC}") = "Frutas", "Server\BaseRepository\Frutas\Frutas.csproj", "{CDB59299-5FEE-4536-8131-87F23274E662}"
EndProject
Project("{2150E333-8FDC-42A3-9474-1A3956D46DE8}") = "1.1 - Hosts", "1.1 - Hosts", "{897E992A-7920-4F08-B6DF-1772BE02DD25}"
EndProject
Project("{2150E333-8FDC-42A3-9474-1A3956D46DE8}") = "1.2 - Shared", "1.2 - Shared", "{1CD85F69-774A-428F-8462-79E6C148DCF5}"
EndProject
Project("{2150E333-8FDC-42A3-9474-1A3956D46DE8}") = "2 - Client", "2 - Client", "{81CC4961-5D65-4BB7-8B5A-4B7BA5FDFFB8}"
EndProject
Global
	GlobalSection(SolutionConfigurationPlatforms) = preSolution
		Debug|Any CPU = Debug|Any CPU
		Release|Any CPU = Release|Any CPU
	EndGlobalSection
	GlobalSection(ProjectConfigurationPlatforms) = postSolution
		{B663D4F4-D8CB-43D2-8461-9CF296B5E8DE}.Debug|Any CPU.ActiveCfg = Debug|Any CPU
		{B663D4F4-D8CB-43D2-8461-9CF296B5E8DE}.Debug|Any CPU.Build.0 = Debug|Any CPU
		{B663D4F4-D8CB-43D2-8461-9CF296B5E8DE}.Release|Any CPU.ActiveCfg = Release|Any CPU
		{B663D4F4-D8CB-43D2-8461-9CF296B5E8DE}.Release|Any CPU.Build.0 = Release|Any CPU
		{A2B9D0F1-0CB4-404A-9B03-0F6879B9C09D}.Debug|Any CPU.ActiveCfg = Debug|Any CPU
		{A2B9D0F1-0CB4-404A-9B03-0F6879B9C09D}.Debug|Any CPU.Build.0 = Debug|Any CPU
		{A2B9D0F1-0CB4-404A-9B03-0F6879B9C09D}.Release|Any CPU.ActiveCfg = Release|Any CPU
		{A2B9D0F1-0CB4-404A-9B03-0F6879B9C09D}.Release|Any CPU.Build.0 = Release|Any CPU
		{CDB59299-5FEE-4536-8131-87F23274E662}.Debug|Any CPU.ActiveCfg = Debug|Any CPU
		{CDB59299-5FEE-4536-8131-87F23274E662}.Debug|Any CPU.Build.0 = Debug|Any CPU
		{CDB59299-5FEE-4536-8131-87F23274E662}.Release|Any CPU.ActiveCfg = Release|Any CPU
		{CDB59299-5FEE-4536-8131-87F23274E662}.Release|Any CPU.Build.0 = Release|Any CPU
	EndGlobalSection
	GlobalSection(SolutionProperties) = preSolution
		HideSolutionNode = FALSE
	EndGlobalSection
	GlobalSection(NestedProjects) = preSolution
		{B663D4F4-D8CB-43D2-8461-9CF296B5E8DE} = {1CD85F69-774A-428F-8462-79E6C148DCF5}
		{A2B9D0F1-0CB4-404A-9B03-0F6879B9C09D} = {897E992A-7920-4F08-B6DF-1772BE02DD25}
		{CDB59299-5FEE-4536-8131-87F23274E662} = {897E992A-7920-4F08-B6DF-1772BE02DD25}
		{897E992A-7920-4F08-B6DF-1772BE02DD25} = {2A4A471B-44B5-44ED-8137-CD86CB21A4B5}
		{1CD85F69-774A-428F-8462-79E6C148DCF5} = {2A4A471B-44B5-44ED-8137-CD86CB21A4B5}
	EndGlobalSection
	GlobalSection(ExtensibilityGlobals) = postSolution
		SolutionGuid = {DFA448C3-0A44-41D2-89A4-244AF15B1017}
	EndGlobalSection
EndGlobal
